// !$*UTF8*$!
{
	archiveVersion = 1;
	classes = {
	};
	objectVersion = 46;
	objects = {

/* Begin PBXBuildFile section */
		52EDBF501C78571A00A7A20F /* AppDelegate.swift in Sources */ = {isa = PBXBuildFile; fileRef = 52EDBF4F1C78571A00A7A20F /* AppDelegate.swift */; };
		52EDBF521C78571A00A7A20F /* ViewController.swift in Sources */ = {isa = PBXBuildFile; fileRef = 52EDBF511C78571A00A7A20F /* ViewController.swift */; };
		52EDBF551C78571A00A7A20F /* Main.storyboard in Resources */ = {isa = PBXBuildFile; fileRef = 52EDBF531C78571A00A7A20F /* Main.storyboard */; };
		52EDBF571C78571A00A7A20F /* Assets.xcassets in Resources */ = {isa = PBXBuildFile; fileRef = 52EDBF561C78571A00A7A20F /* Assets.xcassets */; };
		52EDBF5A1C78571A00A7A20F /* LaunchScreen.storyboard in Resources */ = {isa = PBXBuildFile; fileRef = 52EDBF581C78571A00A7A20F /* LaunchScreen.storyboard */; };
		52EDBF651C78571A00A7A20F /* pushUpCounterTests.swift in Sources */ = {isa = PBXBuildFile; fileRef = 52EDBF641C78571A00A7A20F /* pushUpCounterTests.swift */; };
		52EDBF701C78571B00A7A20F /* pushUpCounterUITests.swift in Sources */ = {isa = PBXBuildFile; fileRef = 52EDBF6F1C78571B00A7A20F /* pushUpCounterUITests.swift */; };
		52EDBF7E1C78593400A7A20F /* myo.framework in Frameworks */ = {isa = PBXBuildFile; fileRef = 52EDBF7D1C78593400A7A20F /* myo.framework */; };
/* End PBXBuildFile section */

/* Begin PBXContainerItemProxy section */
		52EDBF611C78571A00A7A20F /* PBXContainerItemProxy */ = {
			isa = PBXContainerItemProxy;
			containerPortal = 52EDBF441C78571A00A7A20F /* Project object */;
			proxyType = 1;
			remoteGlobalIDString = 52EDBF4B1C78571A00A7A20F;
			remoteInfo = pushUpCounter;
		};
		52EDBF6C1C78571B00A7A20F /* PBXContainerItemProxy */ = {
			isa = PBXContainerItemProxy;
			containerPortal = 52EDBF441C78571A00A7A20F /* Project object */;
			proxyType = 1;
			remoteGlobalIDString = 52EDBF4B1C78571A00A7A20F;
			remoteInfo = pushUpCounter;
		};
/* End PBXContainerItemProxy section */

/* Begin PBXFileReference section */
		52EDBF4C1C78571A00A7A20F /* pushUpCounter.app */ = {isa = PBXFileReference; explicitFileType = wrapper.application; includeInIndex = 0; path = pushUpCounter.app; sourceTree = BUILT_PRODUCTS_DIR; };
		52EDBF4F1C78571A00A7A20F /* AppDelegate.swift */ = {isa = PBXFileReference; lastKnownFileType = sourcecode.swift; path = AppDelegate.swift; sourceTree = "<group>"; };
		52EDBF511C78571A00A7A20F /* ViewController.swift */ = {isa = PBXFileReference; lastKnownFileType = sourcecode.swift; path = ViewController.swift; sourceTree = "<group>"; };
		52EDBF541C78571A00A7A20F /* Base */ = {isa = PBXFileReference; lastKnownFileType = file.storyboard; name = Base; path = Base.lproj/Main.storyboard; sourceTree = "<group>"; };
		52EDBF561C78571A00A7A20F /* Assets.xcassets */ = {isa = PBXFileReference; lastKnownFileType = folder.assetcatalog; path = Assets.xcassets; sourceTree = "<group>"; };
		52EDBF591C78571A00A7A20F /* Base */ = {isa = PBXFileReference; lastKnownFileType = file.storyboard; name = Base; path = Base.lproj/LaunchScreen.storyboard; sourceTree = "<group>"; };
		52EDBF5B1C78571A00A7A20F /* Info.plist */ = {isa = PBXFileReference; lastKnownFileType = text.plist.xml; path = Info.plist; sourceTree = "<group>"; };
		52EDBF601C78571A00A7A20F /* pushUpCounterTests.xctest */ = {isa = PBXFileReference; explicitFileType = wrapper.cfbundle; includeInIndex = 0; path = pushUpCounterTests.xctest; sourceTree = BUILT_PRODUCTS_DIR; };
		52EDBF641C78571A00A7A20F /* pushUpCounterTests.swift */ = {isa = PBXFileReference; lastKnownFileType = sourcecode.swift; path = pushUpCounterTests.swift; sourceTree = "<group>"; };
		52EDBF661C78571A00A7A20F /* Info.plist */ = {isa = PBXFileReference; lastKnownFileType = text.plist.xml; path = Info.plist; sourceTree = "<group>"; };
		52EDBF6B1C78571B00A7A20F /* pushUpCounterUITests.xctest */ = {isa = PBXFileReference; explicitFileType = wrapper.cfbundle; includeInIndex = 0; path = pushUpCounterUITests.xctest; sourceTree = BUILT_PRODUCTS_DIR; };
		52EDBF6F1C78571B00A7A20F /* pushUpCounterUITests.swift */ = {isa = PBXFileReference; lastKnownFileType = sourcecode.swift; path = pushUpCounterUITests.swift; sourceTree = "<group>"; };
		52EDBF711C78571B00A7A20F /* Info.plist */ = {isa = PBXFileReference; lastKnownFileType = text.plist.xml; path = Info.plist; sourceTree = "<group>"; };
		52EDBF7D1C78593400A7A20F /* myo.framework */ = {isa = PBXFileReference; lastKnownFileType = wrapper.framework; path = myo.framework; sourceTree = "<group>"; };
		52EDBF801C785AD000A7A20F /* Bridging-Header.h */ = {isa = PBXFileReference; lastKnownFileType = sourcecode.c.h; name = "Bridging-Header.h"; path = "../Bridging-Header.h"; sourceTree = "<group>"; };
/* End PBXFileReference section */

/* Begin PBXFrameworksBuildPhase section */
		52EDBF491C78571A00A7A20F /* Frameworks */ = {
			isa = PBXFrameworksBuildPhase;
			buildActionMask = 2147483647;
			files = (
				52EDBF7E1C78593400A7A20F /* myo.framework in Frameworks */,
			);
			runOnlyForDeploymentPostprocessing = 0;
		};
		52EDBF5D1C78571A00A7A20F /* Frameworks */ = {
			isa = PBXFrameworksBuildPhase;
			buildActionMask = 2147483647;
			files = (
			);
			runOnlyForDeploymentPostprocessing = 0;
		};
		52EDBF681C78571B00A7A20F /* Frameworks */ = {
			isa = PBXFrameworksBuildPhase;
			buildActionMask = 2147483647;
			files = (
			);
			runOnlyForDeploymentPostprocessing = 0;
		};
/* End PBXFrameworksBuildPhase section */

/* Begin PBXGroup section */
		52EDBF431C78571A00A7A20F = {
			isa = PBXGroup;
			children = (
				52EDBF4E1C78571A00A7A20F /* pushUpCounter */,
				52EDBF631C78571A00A7A20F /* pushUpCounterTests */,
				52EDBF6E1C78571B00A7A20F /* pushUpCounterUITests */,
				52EDBF4D1C78571A00A7A20F /* Products */,
			);
			sourceTree = "<group>";
		};
		52EDBF4D1C78571A00A7A20F /* Products */ = {
			isa = PBXGroup;
			children = (
				52EDBF4C1C78571A00A7A20F /* pushUpCounter.app */,
				52EDBF601C78571A00A7A20F /* pushUpCounterTests.xctest */,
				52EDBF6B1C78571B00A7A20F /* pushUpCounterUITests.xctest */,
			);
			name = Products;
			sourceTree = "<group>";
		};
		52EDBF4E1C78571A00A7A20F /* pushUpCounter */ = {
			isa = PBXGroup;
			children = (
				52EDBF4F1C78571A00A7A20F /* AppDelegate.swift */,
				52EDBF511C78571A00A7A20F /* ViewController.swift */,
				52EDBF801C785AD000A7A20F /* Bridging-Header.h */,
				52EDBF531C78571A00A7A20F /* Main.storyboard */,
				52EDBF561C78571A00A7A20F /* Assets.xcassets */,
				52EDBF581C78571A00A7A20F /* LaunchScreen.storyboard */,
				52EDBF5B1C78571A00A7A20F /* Info.plist */,
				52EDBF7D1C78593400A7A20F /* myo.framework */,
			);
			path = pushUpCounter;
			sourceTree = "<group>";
		};
		52EDBF631C78571A00A7A20F /* pushUpCounterTests */ = {
			isa = PBXGroup;
			children = (
				52EDBF641C78571A00A7A20F /* pushUpCounterTests.swift */,
				52EDBF661C78571A00A7A20F /* Info.plist */,
			);
			path = pushUpCounterTests;
			sourceTree = "<group>";
		};
		52EDBF6E1C78571B00A7A20F /* pushUpCounterUITests */ = {
			isa = PBXGroup;
			children = (
				52EDBF6F1C78571B00A7A20F /* pushUpCounterUITests.swift */,
				52EDBF711C78571B00A7A20F /* Info.plist */,
			);
			path = pushUpCounterUITests;
			sourceTree = "<group>";
		};
/* End PBXGroup section */

/* Begin PBXNativeTarget section */
		52EDBF4B1C78571A00A7A20F /* pushUpCounter */ = {
			isa = PBXNativeTarget;
			buildConfigurationList = 52EDBF741C78571B00A7A20F /* Build configuration list for PBXNativeTarget "pushUpCounter" */;
			buildPhases = (
				52EDBF481C78571A00A7A20F /* Sources */,
				52EDBF491C78571A00A7A20F /* Frameworks */,
				52EDBF4A1C78571A00A7A20F /* Resources */,
			);
			buildRules = (
			);
			dependencies = (
			);
			name = pushUpCounter;
			productName = pushUpCounter;
			productReference = 52EDBF4C1C78571A00A7A20F /* pushUpCounter.app */;
			productType = "com.apple.product-type.application";
		};
		52EDBF5F1C78571A00A7A20F /* pushUpCounterTests */ = {
			isa = PBXNativeTarget;
			buildConfigurationList = 52EDBF771C78571B00A7A20F /* Build configuration list for PBXNativeTarget "pushUpCounterTests" */;
			buildPhases = (
				52EDBF5C1C78571A00A7A20F /* Sources */,
				52EDBF5D1C78571A00A7A20F /* Frameworks */,
				52EDBF5E1C78571A00A7A20F /* Resources */,
			);
			buildRules = (
			);
			dependencies = (
				52EDBF621C78571A00A7A20F /* PBXTargetDependency */,
			);
			name = pushUpCounterTests;
			productName = pushUpCounterTests;
			productReference = 52EDBF601C78571A00A7A20F /* pushUpCounterTests.xctest */;
			productType = "com.apple.product-type.bundle.unit-test";
		};
		52EDBF6A1C78571B00A7A20F /* pushUpCounterUITests */ = {
			isa = PBXNativeTarget;
			buildConfigurationList = 52EDBF7A1C78571B00A7A20F /* Build configuration list for PBXNativeTarget "pushUpCounterUITests" */;
			buildPhases = (
				52EDBF671C78571B00A7A20F /* Sources */,
				52EDBF681C78571B00A7A20F /* Frameworks */,
				52EDBF691C78571B00A7A20F /* Resources */,
			);
			buildRules = (
			);
			dependencies = (
				52EDBF6D1C78571B00A7A20F /* PBXTargetDependency */,
			);
			name = pushUpCounterUITests;
			productName = pushUpCounterUITests;
			productReference = 52EDBF6B1C78571B00A7A20F /* pushUpCounterUITests.xctest */;
			productType = "com.apple.product-type.bundle.ui-testing";
		};
/* End PBXNativeTarget section */

/* Begin PBXProject section */
		52EDBF441C78571A00A7A20F /* Project object */ = {
			isa = PBXProject;
			attributes = {
				LastSwiftUpdateCheck = 0720;
				LastUpgradeCheck = 0720;
				ORGANIZATIONNAME = "Aiqi Liu";
				TargetAttributes = {
					52EDBF4B1C78571A00A7A20F = {
						CreatedOnToolsVersion = 7.2;
					};
					52EDBF5F1C78571A00A7A20F = {
						CreatedOnToolsVersion = 7.2;
						TestTargetID = 52EDBF4B1C78571A00A7A20F;
					};
					52EDBF6A1C78571B00A7A20F = {
						CreatedOnToolsVersion = 7.2;
						TestTargetID = 52EDBF4B1C78571A00A7A20F;
					};
				};
			};
			buildConfigurationList = 52EDBF471C78571A00A7A20F /* Build configuration list for PBXProject "pushUpCounter" */;
			compatibilityVersion = "Xcode 3.2";
			developmentRegion = English;
			hasScannedForEncodings = 0;
			knownRegions = (
				en,
				Base,
			);
			mainGroup = 52EDBF431C78571A00A7A20F;
			productRefGroup = 52EDBF4D1C78571A00A7A20F /* Products */;
			projectDirPath = "";
			projectRoot = "";
			targets = (
				52EDBF4B1C78571A00A7A20F /* pushUpCounter */,
				52EDBF5F1C78571A00A7A20F /* pushUpCounterTests */,
				52EDBF6A1C78571B00A7A20F /* pushUpCounterUITests */,
			);
		};
/* End PBXProject section */

/* Begin PBXResourcesBuildPhase section */
		52EDBF4A1C78571A00A7A20F /* Resources */ = {
			isa = PBXResourcesBuildPhase;
			buildActionMask = 2147483647;
			files = (
				52EDBF5A1C78571A00A7A20F /* LaunchScreen.storyboard in Resources */,
				52EDBF571C78571A00A7A20F /* Assets.xcassets in Resources */,
				52EDBF551C78571A00A7A20F /* Main.storyboard in Resources */,
			);
			runOnlyForDeploymentPostprocessing = 0;
		};
		52EDBF5E1C78571A00A7A20F /* Resources */ = {
			isa = PBXResourcesBuildPhase;
			buildActionMask = 2147483647;
			files = (
			);
			runOnlyForDeploymentPostprocessing = 0;
		};
		52EDBF691C78571B00A7A20F /* Resources */ = {
			isa = PBXResourcesBuildPhase;
			buildActionMask = 2147483647;
			files = (
			);
			runOnlyForDeploymentPostprocessing = 0;
		};
/* End PBXResourcesBuildPhase section */

/* Begin PBXSourcesBuildPhase section */
		52EDBF481C78571A00A7A20F /* Sources */ = {
			isa = PBXSourcesBuildPhase;
			buildActionMask = 2147483647;
			files = (
				52EDBF521C78571A00A7A20F /* ViewController.swift in Sources */,
				52EDBF501C78571A00A7A20F /* AppDelegate.swift in Sources */,
			);
			runOnlyForDeploymentPostprocessing = 0;
		};
		52EDBF5C1C78571A00A7A20F /* Sources */ = {
			isa = PBXSourcesBuildPhase;
			buildActionMask = 2147483647;
			files = (
				52EDBF651C78571A00A7A20F /* pushUpCounterTests.swift in Sources */,
			);
			runOnlyForDeploymentPostprocessing = 0;
		};
		52EDBF671C78571B00A7A20F /* Sources */ = {
			isa = PBXSourcesBuildPhase;
			buildActionMask = 2147483647;
			files = (
				52EDBF701C78571B00A7A20F /* pushUpCounterUITests.swift in Sources */,
			);
			runOnlyForDeploymentPostprocessing = 0;
		};
/* End PBXSourcesBuildPhase section */

/* Begin PBXTargetDependency section */
		52EDBF621C78571A00A7A20F /* PBXTargetDependency */ = {
			isa = PBXTargetDependency;
			target = 52EDBF4B1C78571A00A7A20F /* pushUpCounter */;
			targetProxy = 52EDBF611C78571A00A7A20F /* PBXContainerItemProxy */;
		};
		52EDBF6D1C78571B00A7A20F /* PBXTargetDependency */ = {
			isa = PBXTargetDependency;
			target = 52EDBF4B1C78571A00A7A20F /* pushUpCounter */;
			targetProxy = 52EDBF6C1C78571B00A7A20F /* PBXContainerItemProxy */;
		};
/* End PBXTargetDependency section */

/* Begin PBXVariantGroup section */
		52EDBF531C78571A00A7A20F /* Main.storyboard */ = {
			isa = PBXVariantGroup;
			children = (
				52EDBF541C78571A00A7A20F /* Base */,
			);
			name = Main.storyboard;
			sourceTree = "<group>";
		};
		52EDBF581C78571A00A7A20F /* LaunchScreen.storyboard */ = {
			isa = PBXVariantGroup;
			children = (
				52EDBF591C78571A00A7A20F /* Base */,
			);
			name = LaunchScreen.storyboard;
			sourceTree = "<group>";
		};
/* End PBXVariantGroup section */

/* Begin XCBuildConfiguration section */
		52EDBF721C78571B00A7A20F /* Debug */ = {
			isa = XCBuildConfiguration;
			buildSettings = {
				ALWAYS_SEARCH_USER_PATHS = NO;
				CLANG_CXX_LANGUAGE_STANDARD = "gnu++0x";
				CLANG_CXX_LIBRARY = "libc++";
				CLANG_ENABLE_MODULES = YES;
				CLANG_ENABLE_OBJC_ARC = YES;
				CLANG_WARN_BOOL_CONVERSION = YES;
				CLANG_WARN_CONSTANT_CONVERSION = YES;
				CLANG_WARN_DIRECT_OBJC_ISA_USAGE = YES_ERROR;
				CLANG_WARN_EMPTY_BODY = YES;
				CLANG_WARN_ENUM_CONVERSION = YES;
				CLANG_WARN_INT_CONVERSION = YES;
				CLANG_WARN_OBJC_ROOT_CLASS = YES_ERROR;
				CLANG_WARN_UNREACHABLE_CODE = YES;
				CLANG_WARN__DUPLICATE_METHOD_MATCH = YES;
				"CODE_SIGN_IDENTITY[sdk=iphoneos*]" = "iPhone Developer";
				COPY_PHASE_STRIP = NO;
				DEBUG_INFORMATION_FORMAT = dwarf;
				ENABLE_STRICT_OBJC_MSGSEND = YES;
				ENABLE_TESTABILITY = YES;
				GCC_C_LANGUAGE_STANDARD = gnu99;
				GCC_DYNAMIC_NO_PIC = NO;
				GCC_NO_COMMON_BLOCKS = YES;
				GCC_OPTIMIZATION_LEVEL = 0;
				GCC_PREPROCESSOR_DEFINITIONS = (
					"DEBUG=1",
					"$(inherited)",
				);
				GCC_WARN_64_TO_32_BIT_CONVERSION = YES;
				GCC_WARN_ABOUT_RETURN_TYPE = YES_ERROR;
				GCC_WARN_UNDECLARED_SELECTOR = YES;
				GCC_WARN_UNINITIALIZED_AUTOS = YES_AGGRESSIVE;
				GCC_WARN_UNUSED_FUNCTION = YES;
				GCC_WARN_UNUSED_VARIABLE = YES;
				IPHONEOS_DEPLOYMENT_TARGET = 9.2;
				MTL_ENABLE_DEBUG_INFO = YES;
				ONLY_ACTIVE_ARCH = YES;
				SDKROOT = iphoneos;
				SWIFT_OPTIMIZATION_LEVEL = "-Onone";
			};
			name = Debug;
		};
		52EDBF731C78571B00A7A20F /* Release */ = {
			isa = XCBuildConfiguration;
			buildSettings = {
				ALWAYS_SEARCH_USER_PATHS = NO;
				CLANG_CXX_LANGUAGE_STANDARD = "gnu++0x";
				CLANG_CXX_LIBRARY = "libc++";
				CLANG_ENABLE_MODULES = YES;
				CLANG_ENABLE_OBJC_ARC = YES;
				CLANG_WARN_BOOL_CONVERSION = YES;
				CLANG_WARN_CONSTANT_CONVERSION = YES;
				CLANG_WARN_DIRECT_OBJC_ISA_USAGE = YES_ERROR;
				CLANG_WARN_EMPTY_BODY = YES;
				CLANG_WARN_ENUM_CONVERSION = YES;
				CLANG_WARN_INT_CONVERSION = YES;
				CLANG_WARN_OBJC_ROOT_CLASS = YES_ERROR;
				CLANG_WARN_UNREACHABLE_CODE = YES;
				CLANG_WARN__DUPLICATE_METHOD_MATCH = YES;
				"CODE_SIGN_IDENTITY[sdk=iphoneos*]" = "iPhone Developer";
				COPY_PHASE_STRIP = NO;
				DEBUG_INFORMATION_FORMAT = "dwarf-with-dsym";
				ENABLE_NS_ASSERTIONS = NO;
				ENABLE_STRICT_OBJC_MSGSEND = YES;
				GCC_C_LANGUAGE_STANDARD = gnu99;
				GCC_NO_COMMON_BLOCKS = YES;
				GCC_WARN_64_TO_32_BIT_CONVERSION = YES;
				GCC_WARN_ABOUT_RETURN_TYPE = YES_ERROR;
				GCC_WARN_UNDECLARED_SELECTOR = YES;
				GCC_WARN_UNINITIALIZED_AUTOS = YES_AGGRESSIVE;
				GCC_WARN_UNUSED_FUNCTION = YES;
				GCC_WARN_UNUSED_VARIABLE = YES;
				IPHONEOS_DEPLOYMENT_TARGET = 9.2;
				MTL_ENABLE_DEBUG_INFO = NO;
				SDKROOT = iphoneos;
				VALIDATE_PRODUCT = YES;
			};
			name = Release;
		};
		52EDBF751C78571B00A7A20F /* Debug */ = {
			isa = XCBuildConfiguration;
			buildSettings = {
				ASSETCATALOG_COMPILER_APPICON_NAME = AppIcon;
				FRAMEWORK_SEARCH_PATHS = (
					"$(inherited)",
					"$(PROJECT_DIR)/pushUpCounter",
				);
				INFOPLIST_FILE = pushUpCounter/Info.plist;
				LD_RUNPATH_SEARCH_PATHS = "$(inherited) @executable_path/Frameworks";
				PRODUCT_BUNDLE_IDENTIFIER = aiqi.pushUpCounter;
				PRODUCT_NAME = "$(TARGET_NAME)";
			};
			name = Debug;
		};
		52EDBF761C78571B00A7A20F /* Release */ = {
			isa = XCBuildConfiguration;
			buildSettings = {
				ASSETCATALOG_COMPILER_APPICON_NAME = AppIcon;
				FRAMEWORK_SEARCH_PATHS = (
					"$(inherited)",
					"$(PROJECT_DIR)/pushUpCounter",
				);
				INFOPLIST_FILE = pushUpCounter/Info.plist;
				LD_RUNPATH_SEARCH_PATHS = "$(inherited) @executable_path/Frameworks";
				PRODUCT_BUNDLE_IDENTIFIER = aiqi.pushUpCounter;
				PRODUCT_NAME = "$(TARGET_NAME)";
			};
			name = Release;
		};
		52EDBF781C78571B00A7A20F /* Debug */ = {
			isa = XCBuildConfiguration;
			buildSettings = {
				BUNDLE_LOADER = "$(TEST_HOST)";
				INFOPLIST_FILE = pushUpCounterTests/Info.plist;
				LD_RUNPATH_SEARCH_PATHS = "$(inherited) @executable_path/Frameworks @loader_path/Frameworks";
				PRODUCT_BUNDLE_IDENTIFIER = aiqi.pushUpCounterTests;
				PRODUCT_NAME = "$(TARGET_NAME)";
				TEST_HOST = "$(BUILT_PRODUCTS_DIR)/pushUpCounter.app/pushUpCounter";
			};
			name = Debug;
		};
		52EDBF791C78571B00A7A20F /* Release */ = {
			isa = XCBuildConfiguration;
			buildSettings = {
				BUNDLE_LOADER = "$(TEST_HOST)";
				INFOPLIST_FILE = pushUpCounterTests/Info.plist;
				LD_RUNPATH_SEARCH_PATHS = "$(inherited) @executable_path/Frameworks @loader_path/Frameworks";
				PRODUCT_BUNDLE_IDENTIFIER = aiqi.pushUpCounterTests;
				PRODUCT_NAME = "$(TARGET_NAME)";
				TEST_HOST = "$(BUILT_PRODUCTS_DIR)/pushUpCounter.app/pushUpCounter";
			};
			name = Release;
		};
		52EDBF7B1C78571B00A7A20F /* Debug */ = {
			isa = XCBuildConfiguration;
			buildSettings = {
				INFOPLIST_FILE = pushUpCounterUITests/Info.plist;
				LD_RUNPATH_SEARCH_PATHS = "$(inherited) @executable_path/Frameworks @loader_path/Frameworks";
				PRODUCT_BUNDLE_IDENTIFIER = aiqi.pushUpCounterUITests;
				PRODUCT_NAME = "$(TARGET_NAME)";
				TEST_TARGET_NAME = pushUpCounter;
				USES_XCTRUNNER = YES;
			};
			name = Debug;
		};
		52EDBF7C1C78571B00A7A20F /* Release */ = {
			isa = XCBuildConfiguration;
			buildSettings = {
				INFOPLIST_FILE = pushUpCounterUITests/Info.plist;
				LD_RUNPATH_SEARCH_PATHS = "$(inherited) @executable_path/Frameworks @loader_path/Frameworks";
				PRODUCT_BUNDLE_IDENTIFIER = aiqi.pushUpCounterUITests;
				PRODUCT_NAME = "$(TARGET_NAME)";
				TEST_TARGET_NAME = pushUpCounter;
				USES_XCTRUNNER = YES;
			};
			name = Release;
		};
/* End XCBuildConfiguration section */

/* Begin XCConfigurationList section */
		52EDBF471C78571A00A7A20F /* Build configuration list for PBXProject "pushUpCounter" */ = {
			isa = XCConfigurationList;
			buildConfigurations = (
				52EDBF721C78571B00A7A20F /* Debug */,
				52EDBF731C78571B00A7A20F /* Release */,
			);
			defaultConfigurationIsVisible = 0;
			defaultConfigurationName = Release;
		};
		52EDBF741C78571B00A7A20F /* Build configuration list for PBXNativeTarget "pushUpCounter" */ = {
			isa = XCConfigurationList;
			buildConfigurations = (
				52EDBF751C78571B00A7A20F /* Debug */,
				52EDBF761C78571B00A7A20F /* Release */,
			);
			defaultConfigurationIsVisible = 0;
		};
		52EDBF771C78571B00A7A20F /* Build configuration list for PBXNativeTarget "pushUpCounterTests" */ = {
			isa = XCConfigurationList;
			buildConfigurations = (
				52EDBF781C78571B00A7A20F /* Debug */,
				52EDBF791C78571B00A7A20F /* Release */,
			);
			defaultConfigurationIsVisible = 0;
		};
		52EDBF7A1C78571B00A7A20F /* Build configuration list for PBXNativeTarget "pushUpCounterUITests" */ = {
			isa = XCConfigurationList;
			buildConfigurations = (
				52EDBF7B1C78571B00A7A20F /* Debug */,
				52EDBF7C1C78571B00A7A20F /* Release */,
			);
			defaultConfigurationIsVisible = 0;
		};
/* End XCConfigurationList section */
	};
	rootObject = 52EDBF441C78571A00A7A20F /* Project object */;
}
